
Microsoft Visual Studio Solution File, Format Version 12.00
# Visual Studio Version 17
VisualStudioVersion = 17.6.33815.320
MinimumVisualStudioVersion = 10.0.40219.1
Project("{FAE04EC0-301F-11D3-BF4B-00C04F79EFBC}") = "HOSPITAL_Emergency", "HOSPITAL_Emergency\HOSPITAL_Emergency.csproj", "{D3AC6A9B-6003-470D-A87B-E31A81384984}"
EndProject
Global
	GlobalSection(SolutionConfigurationPlatforms) = preSolution
		Debug|Any CPU = Debug|Any CPU
		Release|Any CPU = Release|Any CPU
	EndGlobalSection
	GlobalSection(ProjectConfigurationPlatforms) = postSolution
		{D3AC6A9B-6003-470D-A87B-E31A81384984}.Debug|Any CPU.ActiveCfg = Debug|Any CPU
		{D3AC6A9B-6003-470D-A87B-E31A81384984}.Debug|Any CPU.Build.0 = Debug|Any CPU
		{D3AC6A9B-6003-470D-A87B-E31A81384984}.Release|Any CPU.ActiveCfg = Release|Any CPU
		{D3AC6A9B-6003-470D-A87B-E31A81384984}.Release|Any CPU.Build.0 = Release|Any CPU
	EndGlobalSection
	GlobalSection(SolutionProperties) = preSolution
		HideSolutionNode = FALSE
	EndGlobalSection
	GlobalSection(ExtensibilityGlobals) = postSolution
		SolutionGuid = {14B97198-2D13-4FF5-B2F9-4FBEF22C7FB9}
	EndGlobalSection
EndGlobal
